<Solution>
  <Folder Name="/src/">
    <Project Path="src/Reports.Api/Reports.Api.csproj" />
    <Project Path="src/Reports.Application/Reports.Application.csproj" />
    <Project Path="src/Reports.Domain/Reports.Domain.csproj" />
    <Project Path="src/Reports.Infrastructure/Reports.Infrastructure.csproj" />
  </Folder>
  <Folder Name="/tests/">
    <Project Path="tests/Reports.Api.FunctionalTests/Reports.Api.FunctionalTests.csproj" />
    <Project Path="tests/Reports.Application.UnitTests/Reports.Application.UnitTests.csproj" />
    <Project Path="tests/Reports.Domain.UnitTests/Reports.Domain.UnitTests.csproj" />
    <Project Path="tests/Reports.Infrastructure.IntegrationTests/Reports.Infrastructure.IntegrationTests.csproj" />
  </Folder>
</Solution>
